
Microsoft Visual Studio Solution File, Format Version 12.00
# Visual Studio 15
Project("{FAE04EC0-301F-11D3-BF4B-00C04F79EFBC}") = "Assembly-CSharp-Editor", "Assembly-CSharp-Editor.csproj", "{5503F8F3-1722-4DDC-991C-D3A2B19BEE64}"
EndProject
Project("{FAE04EC0-301F-11D3-BF4B-00C04F79EFBC}") = "Assembly-CSharp", "Assembly-CSharp.csproj", "{7726DA7B-8AA9-228B-7740-26215DFCE646}"
EndProject
Global
	GlobalSection(SolutionConfigurationPlatforms) = preSolution
		Debug|Any CPU = Debug|Any CPU
		Release|Any CPU = Release|Any CPU
	EndGlobalSection
	GlobalSection(ProjectConfigurationPlatforms) = postSolution
		{5503F8F3-1722-4DDC-991C-D3A2B19BEE64}.Debug|Any CPU.ActiveCfg = Debug|Any CPU
		{5503F8F3-1722-4DDC-991C-D3A2B19BEE64}.Debug|Any CPU.Build.0 = Debug|Any CPU
		{5503F8F3-1722-4DDC-991C-D3A2B19BEE64}.Release|Any CPU.ActiveCfg = Release|Any CPU
		{5503F8F3-1722-4DDC-991C-D3A2B19BEE64}.Release|Any CPU.Build.0 = Release|Any CPU
		{7726DA7B-8AA9-228B-7740-26215DFCE646}.Debug|Any CPU.ActiveCfg = Debug|Any CPU
		{7726DA7B-8AA9-228B-7740-26215DFCE646}.Debug|Any CPU.Build.0 = Debug|Any CPU
		{7726DA7B-8AA9-228B-7740-26215DFCE646}.Release|Any CPU.ActiveCfg = Release|Any CPU
		{7726DA7B-8AA9-228B-7740-26215DFCE646}.Release|Any CPU.Build.0 = Release|Any CPU
	EndGlobalSection
	GlobalSection(SolutionProperties) = preSolution
		HideSolutionNode = FALSE
	EndGlobalSection
EndGlobal
